// !$*UTF8*$!
{
	archiveVersion = 1;
	classes = {
	};
	objectVersion = 55;
	objects = {

/* Begin PBXBuildFile section */
		779F4D932843D80D00C288AD /* AppDelegate.swift in Sources */ = {isa = PBXBuildFile; fileRef = 779F4D922843D80D00C288AD /* AppDelegate.swift */; };
		779F4D952843D80D00C288AD /* SceneDelegate.swift in Sources */ = {isa = PBXBuildFile; fileRef = 779F4D942843D80D00C288AD /* SceneDelegate.swift */; };
		779F4D9C2843D81200C288AD /* Assets.xcassets in Resources */ = {isa = PBXBuildFile; fileRef = 779F4D9B2843D81200C288AD /* Assets.xcassets */; };
		779F4D9F2843D81200C288AD /* LaunchScreen.storyboard in Resources */ = {isa = PBXBuildFile; fileRef = 779F4D9D2843D81200C288AD /* LaunchScreen.storyboard */; };
		779F4DAA2843D81200C288AD /* Rupesh_Viper_LearningTests.swift in Sources */ = {isa = PBXBuildFile; fileRef = 779F4DA92843D81200C288AD /* Rupesh_Viper_LearningTests.swift */; };
		779F4DB42843D81200C288AD /* Rupesh_Viper_LearningUITests.swift in Sources */ = {isa = PBXBuildFile; fileRef = 779F4DB32843D81200C288AD /* Rupesh_Viper_LearningUITests.swift */; };
		779F4DB62843D81200C288AD /* Rupesh_Viper_LearningUITestsLaunchTests.swift in Sources */ = {isa = PBXBuildFile; fileRef = 779F4DB52843D81200C288AD /* Rupesh_Viper_LearningUITestsLaunchTests.swift */; };
		E8AF72732843EEE000C7DFE6 /* Router.swift in Sources */ = {isa = PBXBuildFile; fileRef = E8AF72722843EEE000C7DFE6 /* Router.swift */; };
		E8AF72752843EF3200C7DFE6 /* Entity.swift in Sources */ = {isa = PBXBuildFile; fileRef = E8AF72742843EF3200C7DFE6 /* Entity.swift */; };
		E8AF72782843EFB900C7DFE6 /* Presenter.swift in Sources */ = {isa = PBXBuildFile; fileRef = E8AF72772843EFB900C7DFE6 /* Presenter.swift */; };
		E8AF727A2843F07500C7DFE6 /* Interactor.swift in Sources */ = {isa = PBXBuildFile; fileRef = E8AF72792843F07500C7DFE6 /* Interactor.swift */; };
		E8AF727C2843F0A000C7DFE6 /* View.swift in Sources */ = {isa = PBXBuildFile; fileRef = E8AF727B2843F0A000C7DFE6 /* View.swift */; };
		E8AF727E2843F22400C7DFE6 /* VIPER Protocols.swift in Sources */ = {isa = PBXBuildFile; fileRef = E8AF727D2843F22400C7DFE6 /* VIPER Protocols.swift */; };
		E8AF7280284418B200C7DFE6 /* ResultStringFetcher.swift in Sources */ = {isa = PBXBuildFile; fileRef = E8AF727F284418B200C7DFE6 /* ResultStringFetcher.swift */; };
/* End PBXBuildFile section */

/* Begin PBXContainerItemProxy section */
		779F4DA62843D81200C288AD /* PBXContainerItemProxy */ = {
			isa = PBXContainerItemProxy;
			containerPortal = 779F4D872843D80D00C288AD /* Project object */;
			proxyType = 1;
			remoteGlobalIDString = 779F4D8E2843D80D00C288AD;
			remoteInfo = "Rupesh Viper Learning";
		};
		779F4DB02843D81200C288AD /* PBXContainerItemProxy */ = {
			isa = PBXContainerItemProxy;
			containerPortal = 779F4D872843D80D00C288AD /* Project object */;
			proxyType = 1;
			remoteGlobalIDString = 779F4D8E2843D80D00C288AD;
			remoteInfo = "Rupesh Viper Learning";
		};
/* End PBXContainerItemProxy section */

/* Begin PBXFileReference section */
		779F4D8F2843D80D00C288AD /* Rupesh Viper Learning.app */ = {isa = PBXFileReference; explicitFileType = wrapper.application; includeInIndex = 0; path = "Rupesh Viper Learning.app"; sourceTree = BUILT_PRODUCTS_DIR; };
		779F4D922843D80D00C288AD /* AppDelegate.swift */ = {isa = PBXFileReference; lastKnownFileType = sourcecode.swift; path = AppDelegate.swift; sourceTree = "<group>"; };
		779F4D942843D80D00C288AD /* SceneDelegate.swift */ = {isa = PBXFileReference; lastKnownFileType = sourcecode.swift; path = SceneDelegate.swift; sourceTree = "<group>"; };
		779F4D9B2843D81200C288AD /* Assets.xcassets */ = {isa = PBXFileReference; lastKnownFileType = folder.assetcatalog; path = Assets.xcassets; sourceTree = "<group>"; };
		779F4D9E2843D81200C288AD /* Base */ = {isa = PBXFileReference; lastKnownFileType = file.storyboard; name = Base; path = Base.lproj/LaunchScreen.storyboard; sourceTree = "<group>"; };
		779F4DA02843D81200C288AD /* Info.plist */ = {isa = PBXFileReference; lastKnownFileType = text.plist.xml; path = Info.plist; sourceTree = "<group>"; };
		779F4DA52843D81200C288AD /* Rupesh Viper LearningTests.xctest */ = {isa = PBXFileReference; explicitFileType = wrapper.cfbundle; includeInIndex = 0; path = "Rupesh Viper LearningTests.xctest"; sourceTree = BUILT_PRODUCTS_DIR; };
		779F4DA92843D81200C288AD /* Rupesh_Viper_LearningTests.swift */ = {isa = PBXFileReference; lastKnownFileType = sourcecode.swift; path = Rupesh_Viper_LearningTests.swift; sourceTree = "<group>"; };
		779F4DAF2843D81200C288AD /* Rupesh Viper LearningUITests.xctest */ = {isa = PBXFileReference; explicitFileType = wrapper.cfbundle; includeInIndex = 0; path = "Rupesh Viper LearningUITests.xctest"; sourceTree = BUILT_PRODUCTS_DIR; };
		779F4DB32843D81200C288AD /* Rupesh_Viper_LearningUITests.swift */ = {isa = PBXFileReference; lastKnownFileType = sourcecode.swift; path = Rupesh_Viper_LearningUITests.swift; sourceTree = "<group>"; };
		779F4DB52843D81200C288AD /* Rupesh_Viper_LearningUITestsLaunchTests.swift */ = {isa = PBXFileReference; lastKnownFileType = sourcecode.swift; path = Rupesh_Viper_LearningUITestsLaunchTests.swift; sourceTree = "<group>"; };
		E8AF72722843EEE000C7DFE6 /* Router.swift */ = {isa = PBXFileReference; lastKnownFileType = sourcecode.swift; path = Router.swift; sourceTree = "<group>"; };
		E8AF72742843EF3200C7DFE6 /* Entity.swift */ = {isa = PBXFileReference; lastKnownFileType = sourcecode.swift; path = Entity.swift; sourceTree = "<group>"; };
		E8AF72772843EFB900C7DFE6 /* Presenter.swift */ = {isa = PBXFileReference; lastKnownFileType = sourcecode.swift; path = Presenter.swift; sourceTree = "<group>"; };
		E8AF72792843F07500C7DFE6 /* Interactor.swift */ = {isa = PBXFileReference; lastKnownFileType = sourcecode.swift; path = Interactor.swift; sourceTree = "<group>"; };
		E8AF727B2843F0A000C7DFE6 /* View.swift */ = {isa = PBXFileReference; lastKnownFileType = sourcecode.swift; path = View.swift; sourceTree = "<group>"; };
		E8AF727D2843F22400C7DFE6 /* VIPER Protocols.swift */ = {isa = PBXFileReference; lastKnownFileType = sourcecode.swift; path = "VIPER Protocols.swift"; sourceTree = "<group>"; };
		E8AF727F284418B200C7DFE6 /* ResultStringFetcher.swift */ = {isa = PBXFileReference; lastKnownFileType = sourcecode.swift; path = ResultStringFetcher.swift; sourceTree = "<group>"; };
/* End PBXFileReference section */

/* Begin PBXFrameworksBuildPhase section */
		779F4D8C2843D80D00C288AD /* Frameworks */ = {
			isa = PBXFrameworksBuildPhase;
			buildActionMask = 2147483647;
			files = (
			);
			runOnlyForDeploymentPostprocessing = 0;
		};
		779F4DA22843D81200C288AD /* Frameworks */ = {
			isa = PBXFrameworksBuildPhase;
			buildActionMask = 2147483647;
			files = (
			);
			runOnlyForDeploymentPostprocessing = 0;
		};
		779F4DAC2843D81200C288AD /* Frameworks */ = {
			isa = PBXFrameworksBuildPhase;
			buildActionMask = 2147483647;
			files = (
			);
			runOnlyForDeploymentPostprocessing = 0;
		};
/* End PBXFrameworksBuildPhase section */

/* Begin PBXGroup section */
		779F4D862843D80D00C288AD = {
			isa = PBXGroup;
			children = (
				779F4D912843D80D00C288AD /* Rupesh Viper Learning */,
				779F4DA82843D81200C288AD /* Rupesh Viper LearningTests */,
				779F4DB22843D81200C288AD /* Rupesh Viper LearningUITests */,
				779F4D902843D80D00C288AD /* Products */,
			);
			sourceTree = "<group>";
		};
		779F4D902843D80D00C288AD /* Products */ = {
			isa = PBXGroup;
			children = (
				779F4D8F2843D80D00C288AD /* Rupesh Viper Learning.app */,
				779F4DA52843D81200C288AD /* Rupesh Viper LearningTests.xctest */,
				779F4DAF2843D81200C288AD /* Rupesh Viper LearningUITests.xctest */,
			);
			name = Products;
			sourceTree = "<group>";
		};
		779F4D912843D80D00C288AD /* Rupesh Viper Learning */ = {
			isa = PBXGroup;
			children = (
				779F4D922843D80D00C288AD /* AppDelegate.swift */,
				779F4D942843D80D00C288AD /* SceneDelegate.swift */,
				E8AF72712843EE9800C7DFE6 /* HomeView */,
				779F4D9B2843D81200C288AD /* Assets.xcassets */,
				779F4D9D2843D81200C288AD /* LaunchScreen.storyboard */,
				779F4DA02843D81200C288AD /* Info.plist */,
			);
			path = "Rupesh Viper Learning";
			sourceTree = "<group>";
		};
		779F4DA82843D81200C288AD /* Rupesh Viper LearningTests */ = {
			isa = PBXGroup;
			children = (
				779F4DA92843D81200C288AD /* Rupesh_Viper_LearningTests.swift */,
			);
			path = "Rupesh Viper LearningTests";
			sourceTree = "<group>";
		};
		779F4DB22843D81200C288AD /* Rupesh Viper LearningUITests */ = {
			isa = PBXGroup;
			children = (
				779F4DB32843D81200C288AD /* Rupesh_Viper_LearningUITests.swift */,
				779F4DB52843D81200C288AD /* Rupesh_Viper_LearningUITestsLaunchTests.swift */,
			);
			path = "Rupesh Viper LearningUITests";
			sourceTree = "<group>";
		};
		E8AF72712843EE9800C7DFE6 /* HomeView */ = {
			isa = PBXGroup;
			children = (
				E8AF72762843EF9A00C7DFE6 /* VIPER */,
			);
			path = HomeView;
			sourceTree = "<group>";
		};
		E8AF72762843EF9A00C7DFE6 /* VIPER */ = {
			isa = PBXGroup;
			children = (
				E8AF727D2843F22400C7DFE6 /* VIPER Protocols.swift */,
				E8AF727B2843F0A000C7DFE6 /* View.swift */,
				E8AF72792843F07500C7DFE6 /* Interactor.swift */,
				E8AF72772843EFB900C7DFE6 /* Presenter.swift */,
				E8AF72742843EF3200C7DFE6 /* Entity.swift */,
				E8AF72722843EEE000C7DFE6 /* Router.swift */,
				E8AF727F284418B200C7DFE6 /* ResultStringFetcher.swift */,
			);
			path = VIPER;
			sourceTree = "<group>";
		};
/* End PBXGroup section */

/* Begin PBXNativeTarget section */
		779F4D8E2843D80D00C288AD /* Rupesh Viper Learning */ = {
			isa = PBXNativeTarget;
			buildConfigurationList = 779F4DB92843D81200C288AD /* Build configuration list for PBXNativeTarget "Rupesh Viper Learning" */;
			buildPhases = (
				779F4D8B2843D80D00C288AD /* Sources */,
				779F4D8C2843D80D00C288AD /* Frameworks */,
				779F4D8D2843D80D00C288AD /* Resources */,
			);
			buildRules = (
			);
			dependencies = (
			);
			name = "Rupesh Viper Learning";
			productName = "Rupesh Viper Learning";
			productReference = 779F4D8F2843D80D00C288AD /* Rupesh Viper Learning.app */;
			productType = "com.apple.product-type.application";
		};
		779F4DA42843D81200C288AD /* Rupesh Viper LearningTests */ = {
			isa = PBXNativeTarget;
			buildConfigurationList = 779F4DBC2843D81200C288AD /* Build configuration list for PBXNativeTarget "Rupesh Viper LearningTests" */;
			buildPhases = (
				779F4DA12843D81200C288AD /* Sources */,
				779F4DA22843D81200C288AD /* Frameworks */,
				779F4DA32843D81200C288AD /* Resources */,
			);
			buildRules = (
			);
			dependencies = (
				779F4DA72843D81200C288AD /* PBXTargetDependency */,
			);
			name = "Rupesh Viper LearningTests";
			productName = "Rupesh Viper LearningTests";
			productReference = 779F4DA52843D81200C288AD /* Rupesh Viper LearningTests.xctest */;
			productType = "com.apple.product-type.bundle.unit-test";
		};
		779F4DAE2843D81200C288AD /* Rupesh Viper LearningUITests */ = {
			isa = PBXNativeTarget;
			buildConfigurationList = 779F4DBF2843D81200C288AD /* Build configuration list for PBXNativeTarget "Rupesh Viper LearningUITests" */;
			buildPhases = (
				779F4DAB2843D81200C288AD /* Sources */,
				779F4DAC2843D81200C288AD /* Frameworks */,
				779F4DAD2843D81200C288AD /* Resources */,
			);
			buildRules = (
			);
			dependencies = (
				779F4DB12843D81200C288AD /* PBXTargetDependency */,
			);
			name = "Rupesh Viper LearningUITests";
			productName = "Rupesh Viper LearningUITests";
			productReference = 779F4DAF2843D81200C288AD /* Rupesh Viper LearningUITests.xctest */;
			productType = "com.apple.product-type.bundle.ui-testing";
		};
/* End PBXNativeTarget section */

/* Begin PBXProject section */
		779F4D872843D80D00C288AD /* Project object */ = {
			isa = PBXProject;
			attributes = {
				BuildIndependentTargetsInParallel = 1;
				LastSwiftUpdateCheck = 1340;
				LastUpgradeCheck = 1340;
				TargetAttributes = {
					779F4D8E2843D80D00C288AD = {
						CreatedOnToolsVersion = 13.4;
					};
					779F4DA42843D81200C288AD = {
						CreatedOnToolsVersion = 13.4;
						TestTargetID = 779F4D8E2843D80D00C288AD;
					};
					779F4DAE2843D81200C288AD = {
						CreatedOnToolsVersion = 13.4;
						TestTargetID = 779F4D8E2843D80D00C288AD;
					};
				};
			};
			buildConfigurationList = 779F4D8A2843D80D00C288AD /* Build configuration list for PBXProject "Rupesh Viper Learning" */;
			compatibilityVersion = "Xcode 13.0";
			developmentRegion = en;
			hasScannedForEncodings = 0;
			knownRegions = (
				en,
				Base,
			);
			mainGroup = 779F4D862843D80D00C288AD;
			productRefGroup = 779F4D902843D80D00C288AD /* Products */;
			projectDirPath = "";
			projectRoot = "";
			targets = (
				779F4D8E2843D80D00C288AD /* Rupesh Viper Learning */,
				779F4DA42843D81200C288AD /* Rupesh Viper LearningTests */,
				779F4DAE2843D81200C288AD /* Rupesh Viper LearningUITests */,
			);
		};
/* End PBXProject section */

/* Begin PBXResourcesBuildPhase section */
		779F4D8D2843D80D00C288AD /* Resources */ = {
			isa = PBXResourcesBuildPhase;
			buildActionMask = 2147483647;
			files = (
				779F4D9F2843D81200C288AD /* LaunchScreen.storyboard in Resources */,
				779F4D9C2843D81200C288AD /* Assets.xcassets in Resources */,
			);
			runOnlyForDeploymentPostprocessing = 0;
		};
		779F4DA32843D81200C288AD /* Resources */ = {
			isa = PBXResourcesBuildPhase;
			buildActionMask = 2147483647;
			files = (
			);
			runOnlyForDeploymentPostprocessing = 0;
		};
		779F4DAD2843D81200C288AD /* Resources */ = {
			isa = PBXResourcesBuildPhase;
			buildActionMask = 2147483647;
			files = (
			);
			runOnlyForDeploymentPostprocessing = 0;
		};
/* End PBXResourcesBuildPhase section */

/* Begin PBXSourcesBuildPhase section */
		779F4D8B2843D80D00C288AD /* Sources */ = {
			isa = PBXSourcesBuildPhase;
			buildActionMask = 2147483647;
			files = (
				E8AF727C2843F0A000C7DFE6 /* View.swift in Sources */,
				E8AF72782843EFB900C7DFE6 /* Presenter.swift in Sources */,
				E8AF72752843EF3200C7DFE6 /* Entity.swift in Sources */,
				779F4D932843D80D00C288AD /* AppDelegate.swift in Sources */,
				779F4D952843D80D00C288AD /* SceneDelegate.swift in Sources */,
				E8AF727A2843F07500C7DFE6 /* Interactor.swift in Sources */,
				E8AF72732843EEE000C7DFE6 /* Router.swift in Sources */,
				E8AF727E2843F22400C7DFE6 /* VIPER Protocols.swift in Sources */,
				E8AF7280284418B200C7DFE6 /* ResultStringFetcher.swift in Sources */,
			);
			runOnlyForDeploymentPostprocessing = 0;
		};
		779F4DA12843D81200C288AD /* Sources */ = {
			isa = PBXSourcesBuildPhase;
			buildActionMask = 2147483647;
			files = (
				779F4DAA2843D81200C288AD /* Rupesh_Viper_LearningTests.swift in Sources */,
			);
			runOnlyForDeploymentPostprocessing = 0;
		};
		779F4DAB2843D81200C288AD /* Sources */ = {
			isa = PBXSourcesBuildPhase;
			buildActionMask = 2147483647;
			files = (
				779F4DB62843D81200C288AD /* Rupesh_Viper_LearningUITestsLaunchTests.swift in Sources */,
				779F4DB42843D81200C288AD /* Rupesh_Viper_LearningUITests.swift in Sources */,
			);
			runOnlyForDeploymentPostprocessing = 0;
		};
/* End PBXSourcesBuildPhase section */

/* Begin PBXTargetDependency section */
		779F4DA72843D81200C288AD /* PBXTargetDependency */ = {
			isa = PBXTargetDependency;
			target = 779F4D8E2843D80D00C288AD /* Rupesh Viper Learning */;
			targetProxy = 779F4DA62843D81200C288AD /* PBXContainerItemProxy */;
		};
		779F4DB12843D81200C288AD /* PBXTargetDependency */ = {
			isa = PBXTargetDependency;
			target = 779F4D8E2843D80D00C288AD /* Rupesh Viper Learning */;
			targetProxy = 779F4DB02843D81200C288AD /* PBXContainerItemProxy */;
		};
/* End PBXTargetDependency section */

/* Begin PBXVariantGroup section */
		779F4D9D2843D81200C288AD /* LaunchScreen.storyboard */ = {
			isa = PBXVariantGroup;
			children = (
				779F4D9E2843D81200C288AD /* Base */,
			);
			name = LaunchScreen.storyboard;
			sourceTree = "<group>";
		};
/* End PBXVariantGroup section */

/* Begin XCBuildConfiguration section */
		779F4DB72843D81200C288AD /* Debug */ = {
			isa = XCBuildConfiguration;
			buildSettings = {
				ALWAYS_SEARCH_USER_PATHS = NO;
				CLANG_ANALYZER_NONNULL = YES;
				CLANG_ANALYZER_NUMBER_OBJECT_CONVERSION = YES_AGGRESSIVE;
				CLANG_CXX_LANGUAGE_STANDARD = "gnu++17";
				CLANG_ENABLE_MODULES = YES;
				CLANG_ENABLE_OBJC_ARC = YES;
				CLANG_ENABLE_OBJC_WEAK = YES;
				CLANG_WARN_BLOCK_CAPTURE_AUTORELEASING = YES;
				CLANG_WARN_BOOL_CONVERSION = YES;
				CLANG_WARN_COMMA = YES;
				CLANG_WARN_CONSTANT_CONVERSION = YES;
				CLANG_WARN_DEPRECATED_OBJC_IMPLEMENTATIONS = YES;
				CLANG_WARN_DIRECT_OBJC_ISA_USAGE = YES_ERROR;
				CLANG_WARN_DOCUMENTATION_COMMENTS = YES;
				CLANG_WARN_EMPTY_BODY = YES;
				CLANG_WARN_ENUM_CONVERSION = YES;
				CLANG_WARN_INFINITE_RECURSION = YES;
				CLANG_WARN_INT_CONVERSION = YES;
				CLANG_WARN_NON_LITERAL_NULL_CONVERSION = YES;
				CLANG_WARN_OBJC_IMPLICIT_RETAIN_SELF = YES;
				CLANG_WARN_OBJC_LITERAL_CONVERSION = YES;
				CLANG_WARN_OBJC_ROOT_CLASS = YES_ERROR;
				CLANG_WARN_QUOTED_INCLUDE_IN_FRAMEWORK_HEADER = YES;
				CLANG_WARN_RANGE_LOOP_ANALYSIS = YES;
				CLANG_WARN_STRICT_PROTOTYPES = YES;
				CLANG_WARN_SUSPICIOUS_MOVE = YES;
				CLANG_WARN_UNGUARDED_AVAILABILITY = YES_AGGRESSIVE;
				CLANG_WARN_UNREACHABLE_CODE = YES;
				CLANG_WARN__DUPLICATE_METHOD_MATCH = YES;
				COPY_PHASE_STRIP = NO;
				DEBUG_INFORMATION_FORMAT = dwarf;
				ENABLE_STRICT_OBJC_MSGSEND = YES;
				ENABLE_TESTABILITY = YES;
				GCC_C_LANGUAGE_STANDARD = gnu11;
				GCC_DYNAMIC_NO_PIC = NO;
				GCC_NO_COMMON_BLOCKS = YES;
				GCC_OPTIMIZATION_LEVEL = 0;
				GCC_PREPROCESSOR_DEFINITIONS = (
					"DEBUG=1",
					"$(inherited)",
				);
				GCC_WARN_64_TO_32_BIT_CONVERSION = YES;
				GCC_WARN_ABOUT_RETURN_TYPE = YES_ERROR;
				GCC_WARN_UNDECLARED_SELECTOR = YES;
				GCC_WARN_UNINITIALIZED_AUTOS = YES_AGGRESSIVE;
				GCC_WARN_UNUSED_FUNCTION = YES;
				GCC_WARN_UNUSED_VARIABLE = YES;
				IPHONEOS_DEPLOYMENT_TARGET = 11.0;
				MTL_ENABLE_DEBUG_INFO = INCLUDE_SOURCE;
				MTL_FAST_MATH = YES;
				ONLY_ACTIVE_ARCH = YES;
				SDKROOT = iphoneos;
				SWIFT_ACTIVE_COMPILATION_CONDITIONS = DEBUG;
				SWIFT_OPTIMIZATION_LEVEL = "-Onone";
			};
			name = Debug;
		};
		779F4DB82843D81200C288AD /* Release */ = {
			isa = XCBuildConfiguration;
			buildSettings = {
				ALWAYS_SEARCH_USER_PATHS = NO;
				CLANG_ANALYZER_NONNULL = YES;
				CLANG_ANALYZER_NUMBER_OBJECT_CONVERSION = YES_AGGRESSIVE;
				CLANG_CXX_LANGUAGE_STANDARD = "gnu++17";
				CLANG_ENABLE_MODULES = YES;
				CLANG_ENABLE_OBJC_ARC = YES;
				CLANG_ENABLE_OBJC_WEAK = YES;
				CLANG_WARN_BLOCK_CAPTURE_AUTORELEASING = YES;
				CLANG_WARN_BOOL_CONVERSION = YES;
				CLANG_WARN_COMMA = YES;
				CLANG_WARN_CONSTANT_CONVERSION = YES;
				CLANG_WARN_DEPRECATED_OBJC_IMPLEMENTATIONS = YES;
				CLANG_WARN_DIRECT_OBJC_ISA_USAGE = YES_ERROR;
				CLANG_WARN_DOCUMENTATION_COMMENTS = YES;
				CLANG_WARN_EMPTY_BODY = YES;
				CLANG_WARN_ENUM_CONVERSION = YES;
				CLANG_WARN_INFINITE_RECURSION = YES;
				CLANG_WARN_INT_CONVERSION = YES;
				CLANG_WARN_NON_LITERAL_NULL_CONVERSION = YES;
				CLANG_WARN_OBJC_IMPLICIT_RETAIN_SELF = YES;
				CLANG_WARN_OBJC_LITERAL_CONVERSION = YES;
				CLANG_WARN_OBJC_ROOT_CLASS = YES_ERROR;
				CLANG_WARN_QUOTED_INCLUDE_IN_FRAMEWORK_HEADER = YES;
				CLANG_WARN_RANGE_LOOP_ANALYSIS = YES;
				CLANG_WARN_STRICT_PROTOTYPES = YES;
				CLANG_WARN_SUSPICIOUS_MOVE = YES;
				CLANG_WARN_UNGUARDED_AVAILABILITY = YES_AGGRESSIVE;
				CLANG_WARN_UNREACHABLE_CODE = YES;
				CLANG_WARN__DUPLICATE_METHOD_MATCH = YES;
				COPY_PHASE_STRIP = NO;
				DEBUG_INFORMATION_FORMAT = "dwarf-with-dsym";
				ENABLE_NS_ASSERTIONS = NO;
				ENABLE_STRICT_OBJC_MSGSEND = YES;
				GCC_C_LANGUAGE_STANDARD = gnu11;
				GCC_NO_COMMON_BLOCKS = YES;
				GCC_WARN_64_TO_32_BIT_CONVERSION = YES;
				GCC_WARN_ABOUT_RETURN_TYPE = YES_ERROR;
				GCC_WARN_UNDECLARED_SELECTOR = YES;
				GCC_WARN_UNINITIALIZED_AUTOS = YES_AGGRESSIVE;
				GCC_WARN_UNUSED_FUNCTION = YES;
				GCC_WARN_UNUSED_VARIABLE = YES;
				IPHONEOS_DEPLOYMENT_TARGET = 11.0;
				MTL_ENABLE_DEBUG_INFO = NO;
				MTL_FAST_MATH = YES;
				SDKROOT = iphoneos;
				SWIFT_COMPILATION_MODE = wholemodule;
				SWIFT_OPTIMIZATION_LEVEL = "-O";
				VALIDATE_PRODUCT = YES;
			};
			name = Release;
		};
		779F4DBA2843D81200C288AD /* Debug */ = {
			isa = XCBuildConfiguration;
			buildSettings = {
				ASSETCATALOG_COMPILER_APPICON_NAME = AppIcon;
				ASSETCATALOG_COMPILER_GLOBAL_ACCENT_COLOR_NAME = AccentColor;
				CODE_SIGN_STYLE = Automatic;
				CURRENT_PROJECT_VERSION = 1;
				GENERATE_INFOPLIST_FILE = YES;
				INFOPLIST_FILE = "Rupesh Viper Learning/Info.plist";
				INFOPLIST_KEY_UIApplicationSupportsIndirectInputEvents = YES;
				INFOPLIST_KEY_UILaunchStoryboardName = LaunchScreen;
				INFOPLIST_KEY_UISupportedInterfaceOrientations_iPad = "UIInterfaceOrientationPortrait UIInterfaceOrientationPortraitUpsideDown UIInterfaceOrientationLandscapeLeft UIInterfaceOrientationLandscapeRight";
				INFOPLIST_KEY_UISupportedInterfaceOrientations_iPhone = "UIInterfaceOrientationPortrait UIInterfaceOrientationLandscapeLeft UIInterfaceOrientationLandscapeRight";
				LD_RUNPATH_SEARCH_PATHS = (
					"$(inherited)",
					"@executable_path/Frameworks",
				);
				MARKETING_VERSION = 1.0;
				PRODUCT_BUNDLE_IDENTIFIER = "com.rupesh.edu.Rupesh-Viper-Learning";
				PRODUCT_NAME = "$(TARGET_NAME)";
				SWIFT_EMIT_LOC_STRINGS = YES;
				SWIFT_VERSION = 5.0;
				TARGETED_DEVICE_FAMILY = "1,2";
			};
			name = Debug;
		};
		779F4DBB2843D81200C288AD /* Release */ = {
			isa = XCBuildConfiguration;
			buildSettings = {
				ASSETCATALOG_COMPILER_APPICON_NAME = AppIcon;
				ASSETCATALOG_COMPILER_GLOBAL_ACCENT_COLOR_NAME = AccentColor;
				CODE_SIGN_STYLE = Automatic;
				CURRENT_PROJECT_VERSION = 1;
				GENERATE_INFOPLIST_FILE = YES;
				INFOPLIST_FILE = "Rupesh Viper Learning/Info.plist";
				INFOPLIST_KEY_UIApplicationSupportsIndirectInputEvents = YES;
				INFOPLIST_KEY_UILaunchStoryboardName = LaunchScreen;
				INFOPLIST_KEY_UISupportedInterfaceOrientations_iPad = "UIInterfaceOrientationPortrait UIInterfaceOrientationPortraitUpsideDown UIInterfaceOrientationLandscapeLeft UIInterfaceOrientationLandscapeRight";
				INFOPLIST_KEY_UISupportedInterfaceOrientations_iPhone = "UIInterfaceOrientationPortrait UIInterfaceOrientationLandscapeLeft UIInterfaceOrientationLandscapeRight";
				LD_RUNPATH_SEARCH_PATHS = (
					"$(inherited)",
					"@executable_path/Frameworks",
				);
				MARKETING_VERSION = 1.0;
				PRODUCT_BUNDLE_IDENTIFIER = "com.rupesh.edu.Rupesh-Viper-Learning";
				PRODUCT_NAME = "$(TARGET_NAME)";
				SWIFT_EMIT_LOC_STRINGS = YES;
				SWIFT_VERSION = 5.0;
				TARGETED_DEVICE_FAMILY = "1,2";
			};
			name = Release;
		};
		779F4DBD2843D81200C288AD /* Debug */ = {
			isa = XCBuildConfiguration;
			buildSettings = {
				ALWAYS_EMBED_SWIFT_STANDARD_LIBRARIES = YES;
				BUNDLE_LOADER = "$(TEST_HOST)";
				CODE_SIGN_STYLE = Automatic;
				CURRENT_PROJECT_VERSION = 1;
				GENERATE_INFOPLIST_FILE = YES;
				IPHONEOS_DEPLOYMENT_TARGET = 15.5;
				MARKETING_VERSION = 1.0;
				PRODUCT_BUNDLE_IDENTIFIER = "com.rupesh.edu.Rupesh-Viper-LearningTests";
				PRODUCT_NAME = "$(TARGET_NAME)";
				SWIFT_EMIT_LOC_STRINGS = NO;
				SWIFT_VERSION = 5.0;
				TARGETED_DEVICE_FAMILY = "1,2";
				TEST_HOST = "$(BUILT_PRODUCTS_DIR)/Rupesh Viper Learning.app/Rupesh Viper Learning";
			};
			name = Debug;
		};
		779F4DBE2843D81200C288AD /* Release */ = {
			isa = XCBuildConfiguration;
			buildSettings = {
				ALWAYS_EMBED_SWIFT_STANDARD_LIBRARIES = YES;
				BUNDLE_LOADER = "$(TEST_HOST)";
				CODE_SIGN_STYLE = Automatic;
				CURRENT_PROJECT_VERSION = 1;
				GENERATE_INFOPLIST_FILE = YES;
				IPHONEOS_DEPLOYMENT_TARGET = 15.5;
				MARKETING_VERSION = 1.0;
				PRODUCT_BUNDLE_IDENTIFIER = "com.rupesh.edu.Rupesh-Viper-LearningTests";
				PRODUCT_NAME = "$(TARGET_NAME)";
				SWIFT_EMIT_LOC_STRINGS = NO;
				SWIFT_VERSION = 5.0;
				TARGETED_DEVICE_FAMILY = "1,2";
				TEST_HOST = "$(BUILT_PRODUCTS_DIR)/Rupesh Viper Learning.app/Rupesh Viper Learning";
			};
			name = Release;
		};
		779F4DC02843D81200C288AD /* Debug */ = {
			isa = XCBuildConfiguration;
			buildSettings = {
				ALWAYS_EMBED_SWIFT_STANDARD_LIBRARIES = YES;
				CODE_SIGN_STYLE = Automatic;
				CURRENT_PROJECT_VERSION = 1;
				GENERATE_INFOPLIST_FILE = YES;
				MARKETING_VERSION = 1.0;
				PRODUCT_BUNDLE_IDENTIFIER = "com.rupesh.edu.Rupesh-Viper-LearningUITests";
				PRODUCT_NAME = "$(TARGET_NAME)";
				SWIFT_EMIT_LOC_STRINGS = NO;
				SWIFT_VERSION = 5.0;
				TARGETED_DEVICE_FAMILY = "1,2";
				TEST_TARGET_NAME = "Rupesh Viper Learning";
			};
			name = Debug;
		};
		779F4DC12843D81200C288AD /* Release */ = {
			isa = XCBuildConfiguration;
			buildSettings = {
				ALWAYS_EMBED_SWIFT_STANDARD_LIBRARIES = YES;
				CODE_SIGN_STYLE = Automatic;
				CURRENT_PROJECT_VERSION = 1;
				GENERATE_INFOPLIST_FILE = YES;
				MARKETING_VERSION = 1.0;
				PRODUCT_BUNDLE_IDENTIFIER = "com.rupesh.edu.Rupesh-Viper-LearningUITests";
				PRODUCT_NAME = "$(TARGET_NAME)";
				SWIFT_EMIT_LOC_STRINGS = NO;
				SWIFT_VERSION = 5.0;
				TARGETED_DEVICE_FAMILY = "1,2";
				TEST_TARGET_NAME = "Rupesh Viper Learning";
			};
			name = Release;
		};
/* End XCBuildConfiguration section */

/* Begin XCConfigurationList section */
		779F4D8A2843D80D00C288AD /* Build configuration list for PBXProject "Rupesh Viper Learning" */ = {
			isa = XCConfigurationList;
			buildConfigurations = (
				779F4DB72843D81200C288AD /* Debug */,
				779F4DB82843D81200C288AD /* Release */,
			);
			defaultConfigurationIsVisible = 0;
			defaultConfigurationName = Release;
		};
		779F4DB92843D81200C288AD /* Build configuration list for PBXNativeTarget "Rupesh Viper Learning" */ = {
			isa = XCConfigurationList;
			buildConfigurations = (
				779F4DBA2843D81200C288AD /* Debug */,
				779F4DBB2843D81200C288AD /* Release */,
			);
			defaultConfigurationIsVisible = 0;
			defaultConfigurationName = Release;
		};
		779F4DBC2843D81200C288AD /* Build configuration list for PBXNativeTarget "Rupesh Viper LearningTests" */ = {
			isa = XCConfigurationList;
			buildConfigurations = (
				779F4DBD2843D81200C288AD /* Debug */,
				779F4DBE2843D81200C288AD /* Release */,
			);
			defaultConfigurationIsVisible = 0;
			defaultConfigurationName = Release;
		};
		779F4DBF2843D81200C288AD /* Build configuration list for PBXNativeTarget "Rupesh Viper LearningUITests" */ = {
			isa = XCConfigurationList;
			buildConfigurations = (
				779F4DC02843D81200C288AD /* Debug */,
				779F4DC12843D81200C288AD /* Release */,
			);
			defaultConfigurationIsVisible = 0;
			defaultConfigurationName = Release;
		};
/* End XCConfigurationList section */
	};
	rootObject = 779F4D872843D80D00C288AD /* Project object */;
}
